
Microsoft Visual Studio Solution File, Format Version 12.00
# Visual Studio Version 17
VisualStudioVersion = 17.14.36623.8 d17.14
MinimumVisualStudioVersion = 10.0.40219.1
Project("{FAE04EC0-301F-11D3-BF4B-00C04F79EFBC}") = "Snake_soutez", "Snake_soutez.csproj", "{610ED02A-B2D1-45E5-B3AB-13914A5792C2}"
EndProject
Global
	GlobalSection(SolutionConfigurationPlatforms) = preSolution
		Debug|Any CPU = Debug|Any CPU
		Release|Any CPU = Release|Any CPU
	EndGlobalSection
	GlobalSection(ProjectConfigurationPlatforms) = postSolution
		{610ED02A-B2D1-45E5-B3AB-13914A5792C2}.Debug|Any CPU.ActiveCfg = Debug|Any CPU
		{610ED02A-B2D1-45E5-B3AB-13914A5792C2}.Debug|Any CPU.Build.0 = Debug|Any CPU
		{610ED02A-B2D1-45E5-B3AB-13914A5792C2}.Release|Any CPU.ActiveCfg = Release|Any CPU
		{610ED02A-B2D1-45E5-B3AB-13914A5792C2}.Release|Any CPU.Build.0 = Release|Any CPU
	EndGlobalSection
	GlobalSection(SolutionProperties) = preSolution
		HideSolutionNode = FALSE
	EndGlobalSection
	GlobalSection(ExtensibilityGlobals) = postSolution
		SolutionGuid = {12E9591B-F3D6-459B-B0FD-6CECE4D809E4}
	EndGlobalSection
EndGlobal
